# THIS IS AN AUTOGENERATED FILE. DO NOT EDIT THIS FILE DIRECTLY.
# yarn lockfile v1


"@types/lodash@^4.14.133":
  version "4.14.133"
  resolved "https://registry.npm.taobao.org/@types/lodash/download/@types/lodash-4.14.133.tgz#430721c96da22dd1694443e68e6cec7ba1c1003d"
  integrity sha1-QwchyW2iLdFpREPmjmzse6HBAD0=

lodash@^4.17.11:
  version "4.17.21"
  resolved "https://registry.npm.taobao.org/lodash/download/lodash-4.17.21.tgz#679591c564c3bffaae8454cf0b3df370c3d6911c"
  integrity sha1-Z5WRxWTDv/quhFTPCz3zcMPWkRw=
