# THIS IS AN AUTOGENERATED FILE. DO NOT EDIT THIS FILE DIRECTLY.
# yarn lockfile v1


"@types/lodash@^4.14.132":
  version "4.14.132"
  resolved "https://registry.npm.taobao.org/@types/lodash/download/@types/lodash-4.14.132.tgz#8ce45ca8745ff2e004fac0de0ab46f61e390ffa0"
  integrity sha1-jORcqHRf8uAE+sDeCrRvYeOQ/6A=

lodash@^4.17.11:
  version "4.17.11"
  resolved "https://registry.npm.taobao.org/lodash/download/lodash-4.17.11.tgz#b39ea6229ef607ecd89e2c8df12536891cac9b8d"
  integrity sha1-s56mIp72B+zYniyN8SU2iRysm40=
