# THIS IS AN AUTOGENERATED FILE. DO NOT EDIT THIS FILE DIRECTLY.
# yarn lockfile v1


"@piex-store/core@^0.0.0-alpha3":
  version "0.0.0-alpha3"
  resolved "https://registry.npm.taobao.org/@piex-store/core/download/@piex-store/core-0.0.0-alpha3.tgz#8d7b95ac12ddcf86331e9fc9523e1dee2e532159"
  integrity sha1-jXuVrBLdz4YzHp/JUj4d7i5TIVk=
  dependencies:
    lodash "^4.17.11"

lodash@^4.17.11:
  version "4.17.11"
  resolved "https://registry.npm.taobao.org/lodash/download/lodash-4.17.11.tgz#b39ea6229ef607ecd89e2c8df12536891cac9b8d"
  integrity sha1-s56mIp72B+zYniyN8SU2iRysm40=
